// !$*UTF8*$!
{
	archiveVersion = 1;
	classes = {
	};
	objectVersion = 46;
	objects = {

/* Begin PBXBuildFile section */
		4C14C35A1F18C20100125F09 /* AppDelegate.swift in Sources */ = {isa = PBXBuildFile; fileRef = 4C14C3591F18C20100125F09 /* AppDelegate.swift */; };
		4C14C35C1F18C20100125F09 /* ViewController.swift in Sources */ = {isa = PBXBuildFile; fileRef = 4C14C35B1F18C20100125F09 /* ViewController.swift */; };
		4C14C35F1F18C20100125F09 /* Main.storyboard in Resources */ = {isa = PBXBuildFile; fileRef = 4C14C35D1F18C20100125F09 /* Main.storyboard */; };
		4C14C3611F18C20100125F09 /* Assets.xcassets in Resources */ = {isa = PBXBuildFile; fileRef = 4C14C3601F18C20100125F09 /* Assets.xcassets */; };
		4C14C3641F18C20100125F09 /* LaunchScreen.storyboard in Resources */ = {isa = PBXBuildFile; fileRef = 4C14C3621F18C20100125F09 /* LaunchScreen.storyboard */; };
		4C14C36C1F18C28B00125F09 /* SliderViewController.swift in Sources */ = {isa = PBXBuildFile; fileRef = 4C14C36B1F18C28B00125F09 /* SliderViewController.swift */; };
		4C14C36E1F18C60800125F09 /* AlertViewController.swift in Sources */ = {isa = PBXBuildFile; fileRef = 4C14C36D1F18C60800125F09 /* AlertViewController.swift */; };
		4C14C3701F18CFA900125F09 /* PopUpViewController.swift in Sources */ = {isa = PBXBuildFile; fileRef = 4C14C36F1F18CFA900125F09 /* PopUpViewController.swift */; };
		4C1FCD411F27669200C88C3B /* SegmentViewController.swift in Sources */ = {isa = PBXBuildFile; fileRef = 4C1FCD401F27669200C88C3B /* SegmentViewController.swift */; };
		4C8C44CB1F2C78C800A8C97F /* StepperViewController.swift in Sources */ = {isa = PBXBuildFile; fileRef = 4C8C44CA1F2C78C800A8C97F /* StepperViewController.swift */; };
		4C8C44CD1F2C8A8600A8C97F /* ProgressViewController.swift in Sources */ = {isa = PBXBuildFile; fileRef = 4C8C44CC1F2C8A8600A8C97F /* ProgressViewController.swift */; };
		4CF255D61F2B29070003F3F0 /* ScrollViewController.swift in Sources */ = {isa = PBXBuildFile; fileRef = 4CF255D51F2B29070003F3F0 /* ScrollViewController.swift */; };
		4CF255DA1F2B319F0003F3F0 /* 11111Q33N3.jpg in Resources */ = {isa = PBXBuildFile; fileRef = 4CF255D91F2B319F0003F3F0 /* 11111Q33N3.jpg */; };
		4CF255F51F2B47470003F3F0 /* 1.jpg in Resources */ = {isa = PBXBuildFile; fileRef = 4CF255E81F2B47470003F3F0 /* 1.jpg */; };
		4CF255F61F2B47470003F3F0 /* 2.jpg in Resources */ = {isa = PBXBuildFile; fileRef = 4CF255E91F2B47470003F3F0 /* 2.jpg */; };
		4CF255F71F2B47470003F3F0 /* 3.jpg in Resources */ = {isa = PBXBuildFile; fileRef = 4CF255EA1F2B47470003F3F0 /* 3.jpg */; };
		4CF255F81F2B47470003F3F0 /* 4.jpg in Resources */ = {isa = PBXBuildFile; fileRef = 4CF255EB1F2B47470003F3F0 /* 4.jpg */; };
		4CF255F91F2B47470003F3F0 /* 5.jpg in Resources */ = {isa = PBXBuildFile; fileRef = 4CF255EC1F2B47470003F3F0 /* 5.jpg */; };
		4CF255FA1F2B47470003F3F0 /* 6.jpg in Resources */ = {isa = PBXBuildFile; fileRef = 4CF255ED1F2B47470003F3F0 /* 6.jpg */; };
		4CF255FB1F2B47470003F3F0 /* 7.jpg in Resources */ = {isa = PBXBuildFile; fileRef = 4CF255EE1F2B47470003F3F0 /* 7.jpg */; };
		4CF255FC1F2B47470003F3F0 /* 8.jpg in Resources */ = {isa = PBXBuildFile; fileRef = 4CF255EF1F2B47470003F3F0 /* 8.jpg */; };
		4CF255FD1F2B47470003F3F0 /* 9.jpg in Resources */ = {isa = PBXBuildFile; fileRef = 4CF255F01F2B47470003F3F0 /* 9.jpg */; };
		4CF255FE1F2B47470003F3F0 /* 10.jpg in Resources */ = {isa = PBXBuildFile; fileRef = 4CF255F11F2B47470003F3F0 /* 10.jpg */; };
		4CF255FF1F2B47470003F3F0 /* 11.JPG in Resources */ = {isa = PBXBuildFile; fileRef = 4CF255F21F2B47470003F3F0 /* 11.JPG */; };
		4CF256001F2B47470003F3F0 /* 12.jpg in Resources */ = {isa = PBXBuildFile; fileRef = 4CF255F31F2B47470003F3F0 /* 12.jpg */; };
		4CF256011F2B47470003F3F0 /* 13.jpg in Resources */ = {isa = PBXBuildFile; fileRef = 4CF255F41F2B47470003F3F0 /* 13.jpg */; };
		4CF256031F2B48FF0003F3F0 /* CollectionViewController.swift in Sources */ = {isa = PBXBuildFile; fileRef = 4CF256021F2B48FF0003F3F0 /* CollectionViewController.swift */; };
		4CF256071F2B4C1A0003F3F0 /* Mycell.swift in Sources */ = {isa = PBXBuildFile; fileRef = 4CF256061F2B4C1A0003F3F0 /* Mycell.swift */; };
		4CF89E191F1CE5120011F39D /* SwitchViewController.swift in Sources */ = {isa = PBXBuildFile; fileRef = 4CF89E181F1CE5120011F39D /* SwitchViewController.swift */; };
/* End PBXBuildFile section */

/* Begin PBXFileReference section */
		4C14C3561F18C20100125F09 /* ObjectLibrary.app */ = {isa = PBXFileReference; explicitFileType = wrapper.application; includeInIndex = 0; path = ObjectLibrary.app; sourceTree = BUILT_PRODUCTS_DIR; };
		4C14C3591F18C20100125F09 /* AppDelegate.swift */ = {isa = PBXFileReference; lastKnownFileType = sourcecode.swift; path = AppDelegate.swift; sourceTree = "<group>"; };
		4C14C35B1F18C20100125F09 /* ViewController.swift */ = {isa = PBXFileReference; lastKnownFileType = sourcecode.swift; path = ViewController.swift; sourceTree = "<group>"; };
		4C14C35E1F18C20100125F09 /* Base */ = {isa = PBXFileReference; lastKnownFileType = file.storyboard; name = Base; path = Base.lproj/Main.storyboard; sourceTree = "<group>"; };
		4C14C3601F18C20100125F09 /* Assets.xcassets */ = {isa = PBXFileReference; lastKnownFileType = folder.assetcatalog; path = Assets.xcassets; sourceTree = "<group>"; };
		4C14C3631F18C20100125F09 /* Base */ = {isa = PBXFileReference; lastKnownFileType = file.storyboard; name = Base; path = Base.lproj/LaunchScreen.storyboard; sourceTree = "<group>"; };
		4C14C3651F18C20100125F09 /* Info.plist */ = {isa = PBXFileReference; lastKnownFileType = text.plist.xml; path = Info.plist; sourceTree = "<group>"; };
		4C14C36B1F18C28B00125F09 /* SliderViewController.swift */ = {isa = PBXFileReference; fileEncoding = 4; lastKnownFileType = sourcecode.swift; path = SliderViewController.swift; sourceTree = "<group>"; };
		4C14C36D1F18C60800125F09 /* AlertViewController.swift */ = {isa = PBXFileReference; fileEncoding = 4; lastKnownFileType = sourcecode.swift; path = AlertViewController.swift; sourceTree = "<group>"; };
		4C14C36F1F18CFA900125F09 /* PopUpViewController.swift */ = {isa = PBXFileReference; fileEncoding = 4; lastKnownFileType = sourcecode.swift; path = PopUpViewController.swift; sourceTree = "<group>"; };
		4C1FCD401F27669200C88C3B /* SegmentViewController.swift */ = {isa = PBXFileReference; fileEncoding = 4; lastKnownFileType = sourcecode.swift; path = SegmentViewController.swift; sourceTree = "<group>"; };
		4C8C44CA1F2C78C800A8C97F /* StepperViewController.swift */ = {isa = PBXFileReference; fileEncoding = 4; lastKnownFileType = sourcecode.swift; path = StepperViewController.swift; sourceTree = "<group>"; };
		4C8C44CC1F2C8A8600A8C97F /* ProgressViewController.swift */ = {isa = PBXFileReference; fileEncoding = 4; lastKnownFileType = sourcecode.swift; path = ProgressViewController.swift; sourceTree = "<group>"; };
		4CF255D51F2B29070003F3F0 /* ScrollViewController.swift */ = {isa = PBXFileReference; fileEncoding = 4; lastKnownFileType = sourcecode.swift; path = ScrollViewController.swift; sourceTree = "<group>"; };
		4CF255D91F2B319F0003F3F0 /* 11111Q33N3.jpg */ = {isa = PBXFileReference; lastKnownFileType = image.jpeg; path = 11111Q33N3.jpg; sourceTree = "<group>"; };
		4CF255E81F2B47470003F3F0 /* 1.jpg */ = {isa = PBXFileReference; lastKnownFileType = image.jpeg; path = 1.jpg; sourceTree = "<group>"; };
		4CF255E91F2B47470003F3F0 /* 2.jpg */ = {isa = PBXFileReference; lastKnownFileType = image.jpeg; path = 2.jpg; sourceTree = "<group>"; };
		4CF255EA1F2B47470003F3F0 /* 3.jpg */ = {isa = PBXFileReference; lastKnownFileType = image.jpeg; path = 3.jpg; sourceTree = "<group>"; };
		4CF255EB1F2B47470003F3F0 /* 4.jpg */ = {isa = PBXFileReference; lastKnownFileType = image.jpeg; path = 4.jpg; sourceTree = "<group>"; };
		4CF255EC1F2B47470003F3F0 /* 5.jpg */ = {isa = PBXFileReference; lastKnownFileType = image.jpeg; path = 5.jpg; sourceTree = "<group>"; };
		4CF255ED1F2B47470003F3F0 /* 6.jpg */ = {isa = PBXFileReference; lastKnownFileType = image.jpeg; path = 6.jpg; sourceTree = "<group>"; };
		4CF255EE1F2B47470003F3F0 /* 7.jpg */ = {isa = PBXFileReference; lastKnownFileType = image.jpeg; path = 7.jpg; sourceTree = "<group>"; };
		4CF255EF1F2B47470003F3F0 /* 8.jpg */ = {isa = PBXFileReference; lastKnownFileType = image.jpeg; path = 8.jpg; sourceTree = "<group>"; };
		4CF255F01F2B47470003F3F0 /* 9.jpg */ = {isa = PBXFileReference; lastKnownFileType = image.jpeg; path = 9.jpg; sourceTree = "<group>"; };
		4CF255F11F2B47470003F3F0 /* 10.jpg */ = {isa = PBXFileReference; lastKnownFileType = image.jpeg; path = 10.jpg; sourceTree = "<group>"; };
		4CF255F21F2B47470003F3F0 /* 11.JPG */ = {isa = PBXFileReference; lastKnownFileType = image.jpeg; path = 11.JPG; sourceTree = "<group>"; };
		4CF255F31F2B47470003F3F0 /* 12.jpg */ = {isa = PBXFileReference; lastKnownFileType = image.jpeg; path = 12.jpg; sourceTree = "<group>"; };
		4CF255F41F2B47470003F3F0 /* 13.jpg */ = {isa = PBXFileReference; lastKnownFileType = image.jpeg; path = 13.jpg; sourceTree = "<group>"; };
		4CF256021F2B48FF0003F3F0 /* CollectionViewController.swift */ = {isa = PBXFileReference; fileEncoding = 4; lastKnownFileType = sourcecode.swift; path = CollectionViewController.swift; sourceTree = "<group>"; };
		4CF256061F2B4C1A0003F3F0 /* Mycell.swift */ = {isa = PBXFileReference; fileEncoding = 4; lastKnownFileType = sourcecode.swift; path = Mycell.swift; sourceTree = "<group>"; };
		4CF89E181F1CE5120011F39D /* SwitchViewController.swift */ = {isa = PBXFileReference; fileEncoding = 4; lastKnownFileType = sourcecode.swift; path = SwitchViewController.swift; sourceTree = "<group>"; };
/* End PBXFileReference section */

/* Begin PBXFrameworksBuildPhase section */
		4C14C3531F18C20100125F09 /* Frameworks */ = {
			isa = PBXFrameworksBuildPhase;
			buildActionMask = 2147483647;
			files = (
			);
			runOnlyForDeploymentPostprocessing = 0;
		};
/* End PBXFrameworksBuildPhase section */

/* Begin PBXGroup section */
		4C14C34D1F18C20100125F09 = {
			isa = PBXGroup;
			children = (
				4C14C3581F18C20100125F09 /* ObjectLibrary */,
				4C14C3571F18C20100125F09 /* Products */,
			);
			sourceTree = "<group>";
		};
		4C14C3571F18C20100125F09 /* Products */ = {
			isa = PBXGroup;
			children = (
				4C14C3561F18C20100125F09 /* ObjectLibrary.app */,
			);
			name = Products;
			sourceTree = "<group>";
		};
		4C14C3581F18C20100125F09 /* ObjectLibrary */ = {
			isa = PBXGroup;
			children = (
				4C14C3591F18C20100125F09 /* AppDelegate.swift */,
				4C14C35D1F18C20100125F09 /* Main.storyboard */,
				4C8C44CC1F2C8A8600A8C97F /* ProgressViewController.swift */,
				4C8C44CA1F2C78C800A8C97F /* StepperViewController.swift */,
				4CF256021F2B48FF0003F3F0 /* CollectionViewController.swift */,
				4CF256061F2B4C1A0003F3F0 /* Mycell.swift */,
				4CF255D51F2B29070003F3F0 /* ScrollViewController.swift */,
				4C1FCD401F27669200C88C3B /* SegmentViewController.swift */,
				4CF89E181F1CE5120011F39D /* SwitchViewController.swift */,
				4C14C36F1F18CFA900125F09 /* PopUpViewController.swift */,
				4C14C36D1F18C60800125F09 /* AlertViewController.swift */,
				4C14C36B1F18C28B00125F09 /* SliderViewController.swift */,
				4C14C35B1F18C20100125F09 /* ViewController.swift */,
				4CF255D91F2B319F0003F3F0 /* 11111Q33N3.jpg */,
				4CF255E71F2B47470003F3F0 /* Image */,
				4C14C3601F18C20100125F09 /* Assets.xcassets */,
				4C14C3621F18C20100125F09 /* LaunchScreen.storyboard */,
				4C14C3651F18C20100125F09 /* Info.plist */,
			);
			path = ObjectLibrary;
			sourceTree = "<group>";
		};
		4CF255E71F2B47470003F3F0 /* Image */ = {
			isa = PBXGroup;
			children = (
				4CF255E81F2B47470003F3F0 /* 1.jpg */,
				4CF255E91F2B47470003F3F0 /* 2.jpg */,
				4CF255EA1F2B47470003F3F0 /* 3.jpg */,
				4CF255EB1F2B47470003F3F0 /* 4.jpg */,
				4CF255EC1F2B47470003F3F0 /* 5.jpg */,
				4CF255ED1F2B47470003F3F0 /* 6.jpg */,
				4CF255EE1F2B47470003F3F0 /* 7.jpg */,
				4CF255EF1F2B47470003F3F0 /* 8.jpg */,
				4CF255F01F2B47470003F3F0 /* 9.jpg */,
				4CF255F11F2B47470003F3F0 /* 10.jpg */,
				4CF255F21F2B47470003F3F0 /* 11.JPG */,
				4CF255F31F2B47470003F3F0 /* 12.jpg */,
				4CF255F41F2B47470003F3F0 /* 13.jpg */,
			);
			path = Image;
			sourceTree = "<group>";
		};
/* End PBXGroup section */

/* Begin PBXNativeTarget section */
		4C14C3551F18C20100125F09 /* ObjectLibrary */ = {
			isa = PBXNativeTarget;
			buildConfigurationList = 4C14C3681F18C20100125F09 /* Build configuration list for PBXNativeTarget "ObjectLibrary" */;
			buildPhases = (
				4C14C3521F18C20100125F09 /* Sources */,
				4C14C3531F18C20100125F09 /* Frameworks */,
				4C14C3541F18C20100125F09 /* Resources */,
			);
			buildRules = (
			);
			dependencies = (
			);
			name = ObjectLibrary;
			productName = ObjectLibrary;
			productReference = 4C14C3561F18C20100125F09 /* ObjectLibrary.app */;
			productType = "com.apple.product-type.application";
		};
/* End PBXNativeTarget section */

/* Begin PBXProject section */
		4C14C34E1F18C20100125F09 /* Project object */ = {
			isa = PBXProject;
			attributes = {
				LastSwiftUpdateCheck = 0830;
				LastUpgradeCheck = 0830;
				ORGANIZATIONNAME = iFlame;
				TargetAttributes = {
					4C14C3551F18C20100125F09 = {
						CreatedOnToolsVersion = 8.3;
						ProvisioningStyle = Automatic;
					};
				};
			};
			buildConfigurationList = 4C14C3511F18C20100125F09 /* Build configuration list for PBXProject "ObjectLibrary" */;
			compatibilityVersion = "Xcode 3.2";
			developmentRegion = English;
			hasScannedForEncodings = 0;
			knownRegions = (
				en,
				Base,
			);
			mainGroup = 4C14C34D1F18C20100125F09;
			productRefGroup = 4C14C3571F18C20100125F09 /* Products */;
			projectDirPath = "";
			projectRoot = "";
			targets = (
				4C14C3551F18C20100125F09 /* ObjectLibrary */,
			);
		};
/* End PBXProject section */

/* Begin PBXResourcesBuildPhase section */
		4C14C3541F18C20100125F09 /* Resources */ = {
			isa = PBXResourcesBuildPhase;
			buildActionMask = 2147483647;
			files = (
				4C14C3641F18C20100125F09 /* LaunchScreen.storyboard in Resources */,
				4CF255FA1F2B47470003F3F0 /* 6.jpg in Resources */,
				4C14C3611F18C20100125F09 /* Assets.xcassets in Resources */,
				4CF255F71F2B47470003F3F0 /* 3.jpg in Resources */,
				4CF255F51F2B47470003F3F0 /* 1.jpg in Resources */,
				4CF255FE1F2B47470003F3F0 /* 10.jpg in Resources */,
				4CF255FC1F2B47470003F3F0 /* 8.jpg in Resources */,
				4CF255FD1F2B47470003F3F0 /* 9.jpg in Resources */,
				4CF255F81F2B47470003F3F0 /* 4.jpg in Resources */,
				4CF255F61F2B47470003F3F0 /* 2.jpg in Resources */,
				4CF255FB1F2B47470003F3F0 /* 7.jpg in Resources */,
				4CF255F91F2B47470003F3F0 /* 5.jpg in Resources */,
				4CF255FF1F2B47470003F3F0 /* 11.JPG in Resources */,
				4CF255DA1F2B319F0003F3F0 /* 11111Q33N3.jpg in Resources */,
				4CF256001F2B47470003F3F0 /* 12.jpg in Resources */,
				4C14C35F1F18C20100125F09 /* Main.storyboard in Resources */,
				4CF256011F2B47470003F3F0 /* 13.jpg in Resources */,
			);
			runOnlyForDeploymentPostprocessing = 0;
		};
/* End PBXResourcesBuildPhase section */

/* Begin PBXSourcesBuildPhase section */
		4C14C3521F18C20100125F09 /* Sources */ = {
			isa = PBXSourcesBuildPhase;
			buildActionMask = 2147483647;
			files = (
				4C8C44CB1F2C78C800A8C97F /* StepperViewController.swift in Sources */,
				4C1FCD411F27669200C88C3B /* SegmentViewController.swift in Sources */,
				4C14C3701F18CFA900125F09 /* PopUpViewController.swift in Sources */,
				4C14C36C1F18C28B00125F09 /* SliderViewController.swift in Sources */,
				4C8C44CD1F2C8A8600A8C97F /* ProgressViewController.swift in Sources */,
				4C14C35C1F18C20100125F09 /* ViewController.swift in Sources */,
				4CF256031F2B48FF0003F3F0 /* CollectionViewController.swift in Sources */,
				4CF256071F2B4C1A0003F3F0 /* Mycell.swift in Sources */,
				4CF255D61F2B29070003F3F0 /* ScrollViewController.swift in Sources */,
				4C14C35A1F18C20100125F09 /* AppDelegate.swift in Sources */,
				4C14C36E1F18C60800125F09 /* AlertViewController.swift in Sources */,
				4CF89E191F1CE5120011F39D /* SwitchViewController.swift in Sources */,
			);
			runOnlyForDeploymentPostprocessing = 0;
		};
/* End PBXSourcesBuildPhase section */

/* Begin PBXVariantGroup section */
		4C14C35D1F18C20100125F09 /* Main.storyboard */ = {
			isa = PBXVariantGroup;
			children = (
				4C14C35E1F18C20100125F09 /* Base */,
			);
			name = Main.storyboard;
			sourceTree = "<group>";
		};
		4C14C3621F18C20100125F09 /* LaunchScreen.storyboard */ = {
			isa = PBXVariantGroup;
			children = (
				4C14C3631F18C20100125F09 /* Base */,
			);
			name = LaunchScreen.storyboard;
			sourceTree = "<group>";
		};
/* End PBXVariantGroup section */

/* Begin XCBuildConfiguration section */
		4C14C3661F18C20100125F09 /* Debug */ = {
			isa = XCBuildConfiguration;
			buildSettings = {
				ALWAYS_SEARCH_USER_PATHS = NO;
				CLANG_ANALYZER_NONNULL = YES;
				CLANG_ANALYZER_NUMBER_OBJECT_CONVERSION = YES_AGGRESSIVE;
				CLANG_CXX_LANGUAGE_STANDARD = "gnu++0x";
				CLANG_CXX_LIBRARY = "libc++";
				CLANG_ENABLE_MODULES = YES;
				CLANG_ENABLE_OBJC_ARC = YES;
				CLANG_WARN_BOOL_CONVERSION = YES;
				CLANG_WARN_CONSTANT_CONVERSION = YES;
				CLANG_WARN_DIRECT_OBJC_ISA_USAGE = YES_ERROR;
				CLANG_WARN_DOCUMENTATION_COMMENTS = YES;
				CLANG_WARN_EMPTY_BODY = YES;
				CLANG_WARN_ENUM_CONVERSION = YES;
				CLANG_WARN_INFINITE_RECURSION = YES;
				CLANG_WARN_INT_CONVERSION = YES;
				CLANG_WARN_OBJC_ROOT_CLASS = YES_ERROR;
				CLANG_WARN_SUSPICIOUS_MOVE = YES;
				CLANG_WARN_UNREACHABLE_CODE = YES;
				CLANG_WARN__DUPLICATE_METHOD_MATCH = YES;
				"CODE_SIGN_IDENTITY[sdk=iphoneos*]" = "iPhone Developer";
				COPY_PHASE_STRIP = NO;
				DEBUG_INFORMATION_FORMAT = dwarf;
				ENABLE_STRICT_OBJC_MSGSEND = YES;
				ENABLE_TESTABILITY = YES;
				GCC_C_LANGUAGE_STANDARD = gnu99;
				GCC_DYNAMIC_NO_PIC = NO;
				GCC_NO_COMMON_BLOCKS = YES;
				GCC_OPTIMIZATION_LEVEL = 0;
				GCC_PREPROCESSOR_DEFINITIONS = (
					"DEBUG=1",
					"$(inherited)",
				);
				GCC_WARN_64_TO_32_BIT_CONVERSION = YES;
				GCC_WARN_ABOUT_RETURN_TYPE = YES_ERROR;
				GCC_WARN_UNDECLARED_SELECTOR = YES;
				GCC_WARN_UNINITIALIZED_AUTOS = YES_AGGRESSIVE;
				GCC_WARN_UNUSED_FUNCTION = YES;
				GCC_WARN_UNUSED_VARIABLE = YES;
				IPHONEOS_DEPLOYMENT_TARGET = 10.3;
				MTL_ENABLE_DEBUG_INFO = YES;
				ONLY_ACTIVE_ARCH = YES;
				SDKROOT = iphoneos;
				SWIFT_ACTIVE_COMPILATION_CONDITIONS = DEBUG;
				SWIFT_OPTIMIZATION_LEVEL = "-Onone";
			};
			name = Debug;
		};
		4C14C3671F18C20100125F09 /* Release */ = {
			isa = XCBuildConfiguration;
			buildSettings = {
				ALWAYS_SEARCH_USER_PATHS = NO;
				CLANG_ANALYZER_NONNULL = YES;
				CLANG_ANALYZER_NUMBER_OBJECT_CONVERSION = YES_AGGRESSIVE;
				CLANG_CXX_LANGUAGE_STANDARD = "gnu++0x";
				CLANG_CXX_LIBRARY = "libc++";
				CLANG_ENABLE_MODULES = YES;
				CLANG_ENABLE_OBJC_ARC = YES;
				CLANG_WARN_BOOL_CONVERSION = YES;
				CLANG_WARN_CONSTANT_CONVERSION = YES;
				CLANG_WARN_DIRECT_OBJC_ISA_USAGE = YES_ERROR;
				CLANG_WARN_DOCUMENTATION_COMMENTS = YES;
				CLANG_WARN_EMPTY_BODY = YES;
				CLANG_WARN_ENUM_CONVERSION = YES;
				CLANG_WARN_INFINITE_RECURSION = YES;
				CLANG_WARN_INT_CONVERSION = YES;
				CLANG_WARN_OBJC_ROOT_CLASS = YES_ERROR;
				CLANG_WARN_SUSPICIOUS_MOVE = YES;
				CLANG_WARN_UNREACHABLE_CODE = YES;
				CLANG_WARN__DUPLICATE_METHOD_MATCH = YES;
				"CODE_SIGN_IDENTITY[sdk=iphoneos*]" = "iPhone Developer";
				COPY_PHASE_STRIP = NO;
				DEBUG_INFORMATION_FORMAT = "dwarf-with-dsym";
				ENABLE_NS_ASSERTIONS = NO;
				ENABLE_STRICT_OBJC_MSGSEND = YES;
				GCC_C_LANGUAGE_STANDARD = gnu99;
				GCC_NO_COMMON_BLOCKS = YES;
				GCC_WARN_64_TO_32_BIT_CONVERSION = YES;
				GCC_WARN_ABOUT_RETURN_TYPE = YES_ERROR;
				GCC_WARN_UNDECLARED_SELECTOR = YES;
				GCC_WARN_UNINITIALIZED_AUTOS = YES_AGGRESSIVE;
				GCC_WARN_UNUSED_FUNCTION = YES;
				GCC_WARN_UNUSED_VARIABLE = YES;
				IPHONEOS_DEPLOYMENT_TARGET = 10.3;
				MTL_ENABLE_DEBUG_INFO = NO;
				SDKROOT = iphoneos;
				SWIFT_OPTIMIZATION_LEVEL = "-Owholemodule";
				VALIDATE_PRODUCT = YES;
			};
			name = Release;
		};
		4C14C3691F18C20100125F09 /* Debug */ = {
			isa = XCBuildConfiguration;
			buildSettings = {
				ASSETCATALOG_COMPILER_APPICON_NAME = AppIcon;
				INFOPLIST_FILE = ObjectLibrary/Info.plist;
				LD_RUNPATH_SEARCH_PATHS = "$(inherited) @executable_path/Frameworks";
				PRODUCT_BUNDLE_IDENTIFIER = Organization.ObjectLibrary;
				PRODUCT_NAME = "$(TARGET_NAME)";
				SWIFT_VERSION = 3.0;
			};
			name = Debug;
		};
		4C14C36A1F18C20100125F09 /* Release */ = {
			isa = XCBuildConfiguration;
			buildSettings = {
				ASSETCATALOG_COMPILER_APPICON_NAME = AppIcon;
				INFOPLIST_FILE = ObjectLibrary/Info.plist;
				LD_RUNPATH_SEARCH_PATHS = "$(inherited) @executable_path/Frameworks";
				PRODUCT_BUNDLE_IDENTIFIER = Organization.ObjectLibrary;
				PRODUCT_NAME = "$(TARGET_NAME)";
				SWIFT_VERSION = 3.0;
			};
			name = Release;
		};
/* End XCBuildConfiguration section */

/* Begin XCConfigurationList section */
		4C14C3511F18C20100125F09 /* Build configuration list for PBXProject "ObjectLibrary" */ = {
			isa = XCConfigurationList;
			buildConfigurations = (
				4C14C3661F18C20100125F09 /* Debug */,
				4C14C3671F18C20100125F09 /* Release */,
			);
			defaultConfigurationIsVisible = 0;
			defaultConfigurationName = Release;
		};
		4C14C3681F18C20100125F09 /* Build configuration list for PBXNativeTarget "ObjectLibrary" */ = {
			isa = XCConfigurationList;
			buildConfigurations = (
				4C14C3691F18C20100125F09 /* Debug */,
				4C14C36A1F18C20100125F09 /* Release */,
			);
			defaultConfigurationIsVisible = 0;
			defaultConfigurationName = Release;
		};
/* End XCConfigurationList section */
	};
	rootObject = 4C14C34E1F18C20100125F09 /* Project object */;
}
